
Microsoft Visual Studio Solution File, Format Version 12.00
# Visual Studio Version 16
VisualStudioVersion = 16.0.29911.84
MinimumVisualStudioVersion = 10.0.40219.1
Project("{FAE04EC0-301F-11D3-BF4B-00C04F79EFBC}") = "BCSV_Reader", "BCSV_Reader\BCSV_Reader.csproj", "{6EFC9190-9CD8-49E8-9C87-66BF7CE1799C}"
EndProject
Global
	GlobalSection(SolutionConfigurationPlatforms) = preSolution
		Debug|Any CPU = Debug|Any CPU
		Release|Any CPU = Release|Any CPU
	EndGlobalSection
	GlobalSection(ProjectConfigurationPlatforms) = postSolution
		{6EFC9190-9CD8-49E8-9C87-66BF7CE1799C}.Debug|Any CPU.ActiveCfg = Debug|Any CPU
		{6EFC9190-9CD8-49E8-9C87-66BF7CE1799C}.Debug|Any CPU.Build.0 = Debug|Any CPU
		{6EFC9190-9CD8-49E8-9C87-66BF7CE1799C}.Release|Any CPU.ActiveCfg = Release|Any CPU
		{6EFC9190-9CD8-49E8-9C87-66BF7CE1799C}.Release|Any CPU.Build.0 = Release|Any CPU
	EndGlobalSection
	GlobalSection(SolutionProperties) = preSolution
		HideSolutionNode = FALSE
	EndGlobalSection
	GlobalSection(ExtensibilityGlobals) = postSolution
		SolutionGuid = {A37E444C-6148-4ACF-B09B-03FCDDE314A1}
	EndGlobalSection
EndGlobal
